
Microsoft Visual Studio Solution File, Format Version 11.00
# Visual Studio 2010
Project("{FAE04EC0-301F-11D3-BF4B-00C04F79EFBC}") = "Assembly-CSharp", "Assembly-CSharp.csproj", "{27335809-3FA5-A492-B992-B7B3AEB1F702}"
EndProject
Global
	GlobalSection(SolutionConfigurationPlatforms) = preSolution
		Debug|Any CPU = Debug|Any CPU
		Release|Any CPU = Release|Any CPU
	EndGlobalSection
	GlobalSection(ProjectConfigurationPlatforms) = postSolution
		{27335809-3FA5-A492-B992-B7B3AEB1F702}.Debug|Any CPU.ActiveCfg = Debug|Any CPU
		{27335809-3FA5-A492-B992-B7B3AEB1F702}.Debug|Any CPU.Build.0 = Debug|Any CPU
		{27335809-3FA5-A492-B992-B7B3AEB1F702}.Release|Any CPU.ActiveCfg = Release|Any CPU
		{27335809-3FA5-A492-B992-B7B3AEB1F702}.Release|Any CPU.Build.0 = Release|Any CPU
	EndGlobalSection
	GlobalSection(SolutionProperties) = preSolution
		HideSolutionNode = FALSE
	EndGlobalSection
EndGlobal
